{
  "requires": true,
  "lockfileVersion": 1,
  "dependencies": {
    "@types/highlightjs": {
      "version": "10.1.0",
      "resolved": "http://192.168.0.80:10012/@types%2fhighlightjs/-/highlightjs-10.1.0.tgz",
      "integrity": "sha1-vxYTXjxzbbBT8Cah+o/zqiR+9cE=",
      "requires": {
        "highlight.js": "^10.1.0"
      }
    },
    "highlight.js": {
      "version": "10.4.1",
      "resolved": "http://192.168.0.80:10012/highlight.js/-/highlight.js-10.4.1.tgz",
      "integrity": "sha1-1I+89KmXHENhs/lfMCdHr+GdutA="
    }
  }
}
